
Microsoft Visual Studio Solution File, Format Version 12.00
# Visual Studio Version 16
VisualStudioVersion = 16.0.31515.178
MinimumVisualStudioVersion = 10.0.40219.1
Project("{FAE04EC0-301F-11D3-BF4B-00C04F79EFBC}") = "BunnyGame", "BunnyGame\BunnyGame.csproj", "{771315D0-9FC6-49B4-8ED5-ED188DA5531A}"
EndProject
Global
	GlobalSection(SolutionConfigurationPlatforms) = preSolution
		Debug|Any CPU = Debug|Any CPU
		Release|Any CPU = Release|Any CPU
	EndGlobalSection
	GlobalSection(ProjectConfigurationPlatforms) = postSolution
		{771315D0-9FC6-49B4-8ED5-ED188DA5531A}.Debug|Any CPU.ActiveCfg = Debug|Any CPU
		{771315D0-9FC6-49B4-8ED5-ED188DA5531A}.Debug|Any CPU.Build.0 = Debug|Any CPU
		{771315D0-9FC6-49B4-8ED5-ED188DA5531A}.Release|Any CPU.ActiveCfg = Release|Any CPU
		{771315D0-9FC6-49B4-8ED5-ED188DA5531A}.Release|Any CPU.Build.0 = Release|Any CPU
	EndGlobalSection
	GlobalSection(SolutionProperties) = preSolution
		HideSolutionNode = FALSE
	EndGlobalSection
	GlobalSection(ExtensibilityGlobals) = postSolution
		SolutionGuid = {BAB5AD13-798B-4684-B769-C84E2B97A665}
	EndGlobalSection
EndGlobal
